
Microsoft Visual Studio Solution File, Format Version 12.00
# Visual Studio Version 17
VisualStudioVersion = 17.11.35208.52
MinimumVisualStudioVersion = 10.0.40219.1
Project("{9A19103F-16F7-4668-BE54-9A1E7A4F7556}") = "Payrollfix_poc", "Payrollfix_poc\Payrollfix_poc.csproj", "{04F7285A-D06E-4B04-A043-3172636E237D}"
EndProject
Project("{2150E333-8FDC-42A3-9474-1A3956D46DE8}") = "Presentation Layer", "Presentation Layer", "{B77A288A-3D76-49F4-897B-1C8DC8E19761}"
EndProject
Project("{9A19103F-16F7-4668-BE54-9A1E7A4F7556}") = "DAL", "DAL\DAL.csproj", "{F2B33137-FDDE-4617-90DF-291ABB89C6AD}"
EndProject
Project("{9A19103F-16F7-4668-BE54-9A1E7A4F7556}") = "BAL", "BAL\BAL.csproj", "{01CFFFD0-A209-4271-8570-503C64D9FD1D}"
EndProject
Global
	GlobalSection(SolutionConfigurationPlatforms) = preSolution
		Debug|Any CPU = Debug|Any CPU
		Release|Any CPU = Release|Any CPU
	EndGlobalSection
	GlobalSection(ProjectConfigurationPlatforms) = postSolution
		{04F7285A-D06E-4B04-A043-3172636E237D}.Debug|Any CPU.ActiveCfg = Debug|Any CPU
		{04F7285A-D06E-4B04-A043-3172636E237D}.Debug|Any CPU.Build.0 = Debug|Any CPU
		{04F7285A-D06E-4B04-A043-3172636E237D}.Release|Any CPU.ActiveCfg = Release|Any CPU
		{04F7285A-D06E-4B04-A043-3172636E237D}.Release|Any CPU.Build.0 = Release|Any CPU
		{F2B33137-FDDE-4617-90DF-291ABB89C6AD}.Debug|Any CPU.ActiveCfg = Debug|Any CPU
		{F2B33137-FDDE-4617-90DF-291ABB89C6AD}.Debug|Any CPU.Build.0 = Debug|Any CPU
		{F2B33137-FDDE-4617-90DF-291ABB89C6AD}.Release|Any CPU.ActiveCfg = Release|Any CPU
		{F2B33137-FDDE-4617-90DF-291ABB89C6AD}.Release|Any CPU.Build.0 = Release|Any CPU
		{01CFFFD0-A209-4271-8570-503C64D9FD1D}.Debug|Any CPU.ActiveCfg = Debug|Any CPU
		{01CFFFD0-A209-4271-8570-503C64D9FD1D}.Debug|Any CPU.Build.0 = Debug|Any CPU
		{01CFFFD0-A209-4271-8570-503C64D9FD1D}.Release|Any CPU.ActiveCfg = Release|Any CPU
		{01CFFFD0-A209-4271-8570-503C64D9FD1D}.Release|Any CPU.Build.0 = Release|Any CPU
	EndGlobalSection
	GlobalSection(SolutionProperties) = preSolution
		HideSolutionNode = FALSE
	EndGlobalSection
	GlobalSection(NestedProjects) = preSolution
		{04F7285A-D06E-4B04-A043-3172636E237D} = {B77A288A-3D76-49F4-897B-1C8DC8E19761}
	EndGlobalSection
	GlobalSection(ExtensibilityGlobals) = postSolution
		SolutionGuid = {AF52DA36-2051-44A9-AE89-7BB466DE73F1}
	EndGlobalSection
EndGlobal
